
Microsoft Visual Studio Solution File, Format Version 12.00
# Visual Studio Version 17
VisualStudioVersion = 17.0.31903.59
MinimumVisualStudioVersion = 10.0.40219.1
Project("{FAE04EC0-301F-11D3-BF4B-00C04F79EFBC}") = "FactoryX.Domain", "FactoryX.Domain\FactoryX.Domain.csproj", "{83AE6500-9C6B-418A-B7C6-1CC4D7524679}"
EndProject
Project("{FAE04EC0-301F-11D3-BF4B-00C04F79EFBC}") = "FactoryX.Application", "FactoryX.Application\FactoryX.Application.csproj", "{714ECC67-1481-48A1-B3E4-D049A8776E8B}"
EndProject
Project("{FAE04EC0-301F-11D3-BF4B-00C04F79EFBC}") = "FactoryX.Infrastructure", "FactoryX.Infrastructure\FactoryX.Infrastructure.csproj", "{53ABF006-FD7B-43C1-8B41-0BE4948F02EB}"
EndProject
Project("{FAE04EC0-301F-11D3-BF4B-00C04F79EFBC}") = "FactoryX.Web", "FactoryX.Web\FactoryX.Web.csproj", "{FAB3D748-E2ED-4ECA-9E58-B2417FEB9FA2}"
EndProject
Global
	GlobalSection(SolutionConfigurationPlatforms) = preSolution
		Debug|Any CPU = Debug|Any CPU
		Debug|x64 = Debug|x64
		Debug|x86 = Debug|x86
		Release|Any CPU = Release|Any CPU
		Release|x64 = Release|x64
		Release|x86 = Release|x86
	EndGlobalSection
	GlobalSection(ProjectConfigurationPlatforms) = postSolution
		{83AE6500-9C6B-418A-B7C6-1CC4D7524679}.Debug|Any CPU.ActiveCfg = Debug|Any CPU
		{83AE6500-9C6B-418A-B7C6-1CC4D7524679}.Debug|Any CPU.Build.0 = Debug|Any CPU
		{83AE6500-9C6B-418A-B7C6-1CC4D7524679}.Debug|x64.ActiveCfg = Debug|Any CPU
		{83AE6500-9C6B-418A-B7C6-1CC4D7524679}.Debug|x64.Build.0 = Debug|Any CPU
		{83AE6500-9C6B-418A-B7C6-1CC4D7524679}.Debug|x86.ActiveCfg = Debug|Any CPU
		{83AE6500-9C6B-418A-B7C6-1CC4D7524679}.Debug|x86.Build.0 = Debug|Any CPU
		{83AE6500-9C6B-418A-B7C6-1CC4D7524679}.Release|Any CPU.ActiveCfg = Release|Any CPU
		{83AE6500-9C6B-418A-B7C6-1CC4D7524679}.Release|Any CPU.Build.0 = Release|Any CPU
		{83AE6500-9C6B-418A-B7C6-1CC4D7524679}.Release|x64.ActiveCfg = Release|Any CPU
		{83AE6500-9C6B-418A-B7C6-1CC4D7524679}.Release|x64.Build.0 = Release|Any CPU
		{83AE6500-9C6B-418A-B7C6-1CC4D7524679}.Release|x86.ActiveCfg = Release|Any CPU
		{83AE6500-9C6B-418A-B7C6-1CC4D7524679}.Release|x86.Build.0 = Release|Any CPU
		{714ECC67-1481-48A1-B3E4-D049A8776E8B}.Debug|Any CPU.ActiveCfg = Debug|Any CPU
		{714ECC67-1481-48A1-B3E4-D049A8776E8B}.Debug|Any CPU.Build.0 = Debug|Any CPU
		{714ECC67-1481-48A1-B3E4-D049A8776E8B}.Debug|x64.ActiveCfg = Debug|Any CPU
		{714ECC67-1481-48A1-B3E4-D049A8776E8B}.Debug|x64.Build.0 = Debug|Any CPU
		{714ECC67-1481-48A1-B3E4-D049A8776E8B}.Debug|x86.ActiveCfg = Debug|Any CPU
		{714ECC67-1481-48A1-B3E4-D049A8776E8B}.Debug|x86.Build.0 = Debug|Any CPU
		{714ECC67-1481-48A1-B3E4-D049A8776E8B}.Release|Any CPU.ActiveCfg = Release|Any CPU
		{714ECC67-1481-48A1-B3E4-D049A8776E8B}.Release|Any CPU.Build.0 = Release|Any CPU
		{714ECC67-1481-48A1-B3E4-D049A8776E8B}.Release|x64.ActiveCfg = Release|Any CPU
		{714ECC67-1481-48A1-B3E4-D049A8776E8B}.Release|x64.Build.0 = Release|Any CPU
		{714ECC67-1481-48A1-B3E4-D049A8776E8B}.Release|x86.ActiveCfg = Release|Any CPU
		{714ECC67-1481-48A1-B3E4-D049A8776E8B}.Release|x86.Build.0 = Release|Any CPU
		{53ABF006-FD7B-43C1-8B41-0BE4948F02EB}.Debug|Any CPU.ActiveCfg = Debug|Any CPU
		{53ABF006-FD7B-43C1-8B41-0BE4948F02EB}.Debug|Any CPU.Build.0 = Debug|Any CPU
		{53ABF006-FD7B-43C1-8B41-0BE4948F02EB}.Debug|x64.ActiveCfg = Debug|Any CPU
		{53ABF006-FD7B-43C1-8B41-0BE4948F02EB}.Debug|x64.Build.0 = Debug|Any CPU
		{53ABF006-FD7B-43C1-8B41-0BE4948F02EB}.Debug|x86.ActiveCfg = Debug|Any CPU
		{53ABF006-FD7B-43C1-8B41-0BE4948F02EB}.Debug|x86.Build.0 = Debug|Any CPU
		{53ABF006-FD7B-43C1-8B41-0BE4948F02EB}.Release|Any CPU.ActiveCfg = Release|Any CPU
		{53ABF006-FD7B-43C1-8B41-0BE4948F02EB}.Release|Any CPU.Build.0 = Release|Any CPU
		{53ABF006-FD7B-43C1-8B41-0BE4948F02EB}.Release|x64.ActiveCfg = Release|Any CPU
		{53ABF006-FD7B-43C1-8B41-0BE4948F02EB}.Release|x64.Build.0 = Release|Any CPU
		{53ABF006-FD7B-43C1-8B41-0BE4948F02EB}.Release|x86.ActiveCfg = Release|Any CPU
		{53ABF006-FD7B-43C1-8B41-0BE4948F02EB}.Release|x86.Build.0 = Release|Any CPU
		{FAB3D748-E2ED-4ECA-9E58-B2417FEB9FA2}.Debug|Any CPU.ActiveCfg = Debug|Any CPU
		{FAB3D748-E2ED-4ECA-9E58-B2417FEB9FA2}.Debug|Any CPU.Build.0 = Debug|Any CPU
		{FAB3D748-E2ED-4ECA-9E58-B2417FEB9FA2}.Debug|x64.ActiveCfg = Debug|Any CPU
		{FAB3D748-E2ED-4ECA-9E58-B2417FEB9FA2}.Debug|x64.Build.0 = Debug|Any CPU
		{FAB3D748-E2ED-4ECA-9E58-B2417FEB9FA2}.Debug|x86.ActiveCfg = Debug|Any CPU
		{FAB3D748-E2ED-4ECA-9E58-B2417FEB9FA2}.Debug|x86.Build.0 = Debug|Any CPU
		{FAB3D748-E2ED-4ECA-9E58-B2417FEB9FA2}.Release|Any CPU.ActiveCfg = Release|Any CPU
		{FAB3D748-E2ED-4ECA-9E58-B2417FEB9FA2}.Release|Any CPU.Build.0 = Release|Any CPU
		{FAB3D748-E2ED-4ECA-9E58-B2417FEB9FA2}.Release|x64.ActiveCfg = Release|Any CPU
		{FAB3D748-E2ED-4ECA-9E58-B2417FEB9FA2}.Release|x64.Build.0 = Release|Any CPU
		{FAB3D748-E2ED-4ECA-9E58-B2417FEB9FA2}.Release|x86.ActiveCfg = Release|Any CPU
		{FAB3D748-E2ED-4ECA-9E58-B2417FEB9FA2}.Release|x86.Build.0 = Release|Any CPU
	EndGlobalSection
	GlobalSection(SolutionProperties) = preSolution
		HideSolutionNode = FALSE
	EndGlobalSection
EndGlobal
